github.com/beorn7/perks v1.0.1 h1:VlbKKnNfV8bJzeqoa4cOKqO6bYr3WgKZxO8Z16+hsOM=
github.com/beorn7/perks v1.0.1/go.mod h1:G2ZrVWU2WbWT9wwq4/hrbKbnv/1ERSJQ0ibhJ6rlkpw=
github.com/cespare/xxhash/v2 v2.2.0 h1:DC2CZ1Ep5Y4k3ZQ899DldepgrayRUGE6BBZ/cd9Cj44=
github.com/cespare/xxhash/v2 v2.2.0/go.mod h1:VGX0DQ3Q6kWi7AoAeZDth3/j3BFtOZR5XLFGgcrjCOs=
github.com/davecgh/go-spew v1.1.1 h1:vj9j/u1bqnvCEfJOwUhtlOARqs3+rkHYY13jYWTU97c=
github.com/davecgh/go-spew v1.1.1/go.mod h1:J7Y8YcW2NihsgmVo/mv3lAwl/skON4iLHjSsI+c5H38=
github.com/fsgo/fscache v0.0.3 h1:sB1+0gy+U4wBWDiX/F19xCpnOigT9GNBkbRbUJ8IIWI=
github.com/fsgo/fscache v0.0.3/go.mod h1:CzAPs8vqMS0GgC7mRJkRyclg1z9Zhhhzb57bC79IgR8=
github.com/fsgo/fsconf v0.4.0 h1:nd5QH82D0Sm6R7FL9Eto9sTj65+JrfAFOQOWEO1ut6M=
github.com/fsgo/fsconf v0.4.0/go.mod h1:FndDJ/1zUT5BCuRoWvDUjDVt/G0RAUSolEdIQUkR9C0=
github.com/fsgo/fsenv v0.6.0 h1:eKszUbgO01F3vHWqpJ8wWTKEookPjC3n+2qlYLsfdGs=
github.com/fsgo/fsenv v0.6.0/go.mod h1:71asOCXbCIANbsrlVXoWlpXGb1aHYVhmN2KWNMvuqbk=
github.com/fsgo/fsgo v0.0.7-0.20230923121452-087af3e7a1e0 h1:4QqXvOG/XA77yszvApNERDfSyxY1nzSHlw+JgwAHoRE=
github.com/fsgo/fsgo v0.0.7-0.20230923121452-087af3e7a1e0/go.mod h1:5a5mrzTrReDrdFBS+CViVC3cc2eanWrXYYwyEKHSNVw=
github.com/fsgo/fst v0.0.4 h1:d3LgjVxsb+Y2isbe7Erq8ZAp1p6qQpVVovazSDCOMpo=
github.com/fsgo/fst v0.0.4/go.mod h1:vNB0la0LICDwsMuwD7KR8NNDnslYyH/1x1+fOamXra8=
github.com/golang/protobuf v1.2.0/go.mod h1:6lQm79b+lXiMfvg/cZm0SGofjICqVBUtrP5yJMmIC1U=
github.com/golang/protobuf v1.3.5/go.mod h1:6O5/vntMXwX2lRkT1hjjk0nAC1IDOTvTlVgjlRvqsdk=
github.com/golang/protobuf v1.5.0/go.mod h1:FsONVRAS9T7sI+LIUmWTfcYkHO4aIWwzhcaSAoJOfIk=
github.com/golang/protobuf v1.5.3 h1:KhyjKVUg7Usr/dYsdSqoFveMYd5ko72D+zANwlG1mmg=
github.com/golang/protobuf v1.5.3/go.mod h1:XVQd3VNwM+JqD3oG2Ue2ip4fOMUkwXdXDdiuN0vRsmY=
github.com/google/go-cmp v0.5.5/go.mod h1:v8dTdLbMG2kIc/vJvl+f65V22dbkXbowE6jgT/gNBxE=
github.com/google/go-cmp v0.5.9 h1:O2Tfq5qg4qc4AmwVlvv0oLiVAGB7enBSJ2x2DqQFi38=
github.com/google/go-cmp v0.5.9/go.mod h1:17dUlkBOakJ0+DkrSSNjCkIjxS6bF9zb3elmeNGIjoY=
github.com/gorilla/mux v1.8.0 h1:i40aqfkR1h2SlN9hojwV5ZA91wcXFOvkdNIeFDP5koI=
github.com/gorilla/mux v1.8.0/go.mod h1:DVbg23sWSpFRCP0SfiEN6jmj59UnW/n46BH5rLB71So=
github.com/matttproud/golang_protobuf_extensions v1.0.4 h1:mmDVorXM7PCGKw94cs5zkfA9PSy5pEvNWRP0ET0TIVo=
github.com/matttproud/golang_protobuf_extensions v1.0.4/go.mod h1:BSXmuO+STAnVfrANrmjBb36TMTDstsz7MSK+HVaYKv4=
github.com/miekg/dns v1.1.55 h1:GoQ4hpsj0nFLYe+bWiCToyrBEJXkQfOOIvFGFy0lEgo=
github.com/miekg/dns v1.1.55/go.mod h1:uInx36IzPl7FYnDcMeVWxj9byh7DutNykX4G9Sj60FY=
github.com/pmezard/go-difflib v1.0.0 h1:4DBwDE0NGyQoBHbLQYPwSUPoCMWR5BEzIk/f1lZbAQM=
github.com/pmezard/go-difflib v1.0.0/go.mod h1:iKH77koFhYxTK1pcRnkKkqfTogsbg7gZNVY4sRDYZ/4=
github.com/prometheus/client_golang v1.16.0 h1:yk/hx9hDbrGHovbci4BY+pRMfSuuat626eFsHb7tmT8=
github.com/prometheus/client_golang v1.16.0/go.mod h1:Zsulrv/L9oM40tJ7T815tM89lFEugiJ9HzIqaAx4LKc=
github.com/prometheus/client_model v0.3.0 h1:UBgGFHqYdG/TPFD1B1ogZywDqEkwp3fBMvqdiQ7Xew4=
github.com/prometheus/client_model v0.3.0/go.mod h1:LDGWKZIo7rky3hgvBe+caln+Dr3dPggB5dvjtD7w9+w=
github.com/prometheus/common v0.42.0 h1:EKsfXEYo4JpWMHH5cg+KOUWeuJSov1Id8zGR8eeI1YM=
github.com/prometheus/common v0.42.0/go.mod h1:xBwqVerjNdUDjgODMpudtOMwlOwf2SaTr1yjz4b7Zbc=
github.com/prometheus/procfs v0.10.1 h1:kYK1Va/YMlutzCGazswoHKo//tZVlFpKYh+PymziUAg=
github.com/prometheus/procfs v0.10.1/go.mod h1:nwNm2aOCAYw8uTR/9bWRREkZFxAUcWzPHWJq+XBB/FM=
github.com/stretchr/testify v1.8.4 h1:CcVxjf3Q8PM0mHUKJCdn+eZZtm5yQwehR5yeSVQQcUk=
github.com/stretchr/testify v1.8.4/go.mod h1:sz/lmYIOXD/1dqDmKjjqLyZ2RngseejIcXlSw2iwfAo=
github.com/tdewolff/minify/v2 v2.21.2 h1:VfTvmGVtBYhMTlUAeHtXM7XOsW0JT/6uMwUPPqgUs9k=
github.com/tdewolff/minify/v2 v2.21.2/go.mod h1:Olje3eHdBnrMjINKffDsil/3NV98Iv7MhWf7556WQVg=
github.com/tdewolff/parse/v2 v2.7.19 h1:7Ljh26yj+gdLFEq/7q9LT4SYyKtwQX4ocNrj45UCePg=
github.com/tdewolff/parse/v2 v2.7.19/go.mod h1:3FbJWZp3XT9OWVN3Hmfp0p/a08v4h8J9W1aghka0soA=
github.com/tdewolff/test v1.0.11-0.20231101010635-f1265d231d52/go.mod h1:6DAvZliBAAnD7rhVgwaM7DE5/d9NMOAJ09SqYqeK4QE=
github.com/tdewolff/test v1.0.11-0.20240106005702-7de5f7df4739 h1:IkjBCtQOOjIn03u/dMQK9g+Iw9ewps4mCl1nB8Sscbo=
github.com/tdewolff/test v1.0.11-0.20240106005702-7de5f7df4739/go.mod h1:XPuWBzvdUzhCuxWO1ojpXsyzsA5bFoS3tO/Q3kFuTG8=
github.com/vmihailenco/msgpack/v5 v5.4.0 h1:hRM0digJwyR6vll33NNAwCFguy5JuBD6jxDmQP3l608=
github.com/vmihailenco/msgpack/v5 v5.4.0/go.mod h1:GaZTsDaehaPpQVyxrf5mtQlH+pc21PIudVV/E3rRQok=
github.com/vmihailenco/tagparser/v2 v2.0.0 h1:y09buUbR+b5aycVFQs/g70pqKVZNBmxwAhO7/IwNM9g=
github.com/vmihailenco/tagparser/v2 v2.0.0/go.mod h1:Wri+At7QHww0WTrCBeu4J6bNtoV6mEfg5OIWRZA9qds=
golang.org/x/mod v0.9.0 h1:KENHtAZL2y3NLMYZeHY9DW8HW8V+kQyJsY/V9JlKvCs=
golang.org/x/mod v0.9.0/go.mod h1:iBbtSCu2XBx23ZKBPSOrRkjjQPZFPuis4dIYUhu/chs=
golang.org/x/net v0.23.0 h1:7EYJ93RZ9vYSZAIb2x3lnuvqO5zneoD6IvWjuhfxjTs=
golang.org/x/net v0.23.0/go.mod h1:JKghWKKOSdJwpW2GEx0Ja7fmaKnMsbu+MWVZTokSYmg=
golang.org/x/sync v0.0.0-20181221193216-37e7f081c4d4/go.mod h1:RxMgew5VJxzue5/jJTE5uejpjVlOe/izrB70Jof72aM=
golang.org/x/sync v0.3.0 h1:ftCYgMx6zT/asHUrPw8BLLscYtGznsLAnjq5RH9P66E=
golang.org/x/sync v0.3.0/go.mod h1:FU7BRWz2tNW+3quACPkgCx/L+uEAv1htQ0V83Z9Rj+Y=
golang.org/x/sys v0.25.0 h1:r+8e+loiHxRqhXVl6ML1nO3l1+oFoWbnlu2Ehimmi34=
golang.org/x/sys v0.25.0/go.mod h1:/VUhepiaJMQUp4+oa/7Zr1D23ma6VTLIYjOOTFZPUcA=
golang.org/x/tools v0.6.0 h1:BOw41kyTf3PuCW1pVQf8+Cyg8pMlkYB1oo9iJ6D/lKM=
golang.org/x/tools v0.6.0/go.mod h1:Xwgl3UAJ/d3gWutnCtw505GrjyAbvKui8lOU390QaIU=
golang.org/x/xerrors v0.0.0-20191204190536-9bdfabe68543/go.mod h1:I/5z698sn9Ka8TeJc9MKroUUfqBBauWjQqLJ2OPfmY0=
google.golang.org/protobuf v1.26.0-rc.1/go.mod h1:jlhhOSvTdKEhbULTjvd4ARK9grFBp09yW+WbY/TyQbw=
google.golang.org/protobuf v1.26.0/go.mod h1:9q0QmTI4eRPtz6boOQmLYwt+qCgq0jsYwAQnmE0givc=
google.golang.org/protobuf v1.33.0 h1:uNO2rsAINq/JlFpSdYEKIZ0uKD/R9cpdv0T+yoGwGmI=
google.golang.org/protobuf v1.33.0/go.mod h1:c6P6GXX6sHbq/GpV6MGZEdwhWPcYBgnhAHhKbcUYpos=
gopkg.in/yaml.v3 v3.0.1 h1:fxVm/GzAzEWqLHuvctI91KS9hhNmmWOoWu0XTYJS7CA=
gopkg.in/yaml.v3 v3.0.1/go.mod h1:K4uyk7z7BCEPqu6E+C64Yfv1cQ7kz7rIZviUmN+EgEM=
